// !$*UTF8*$!
{
	archiveVersion = 1;
	classes = {
	};
	objectVersion = 48;
	objects = {

/* Begin PBXBuildFile section */
		D63F8DD61FFB1B3F00C4CDE9 /* TwoBigViewsCell.swift in Sources */ = {isa = PBXBuildFile; fileRef = D63F8DD51FFB1B3F00C4CDE9 /* TwoBigViewsCell.swift */; };
		D63F8DD81FFB1B6F00C4CDE9 /* ThreeSmallViewsCell.swift in Sources */ = {isa = PBXBuildFile; fileRef = D63F8DD71FFB1B6F00C4CDE9 /* ThreeSmallViewsCell.swift */; };
		D63F8DDA1FFB1BA700C4CDE9 /* OneBigViewOneSmallViewCell.swift in Sources */ = {isa = PBXBuildFile; fileRef = D63F8DD91FFB1BA700C4CDE9 /* OneBigViewOneSmallViewCell.swift */; };
		D63F8E371FFB667400C4CDE9 /* MyWebViewController.swift in Sources */ = {isa = PBXBuildFile; fileRef = D63F8E361FFB667400C4CDE9 /* MyWebViewController.swift */; };
		D69F97C71FF60A2F007A865F /* AppDelegate.swift in Sources */ = {isa = PBXBuildFile; fileRef = D69F97C61FF60A2F007A865F /* AppDelegate.swift */; };
		D69F97CC1FF60A2F007A865F /* Main.storyboard in Resources */ = {isa = PBXBuildFile; fileRef = D69F97CA1FF60A2F007A865F /* Main.storyboard */; };
		D69F97CE1FF60A2F007A865F /* Assets.xcassets in Resources */ = {isa = PBXBuildFile; fileRef = D69F97CD1FF60A2F007A865F /* Assets.xcassets */; };
		D69F97D11FF60A2F007A865F /* LaunchScreen.storyboard in Resources */ = {isa = PBXBuildFile; fileRef = D69F97CF1FF60A2F007A865F /* LaunchScreen.storyboard */; };
		D69F97D91FF60BAB007A865F /* MainTableViewController.swift in Sources */ = {isa = PBXBuildFile; fileRef = D69F97D81FF60BAB007A865F /* MainTableViewController.swift */; };
		D69F97DB1FF60C9F007A865F /* ImageTableViewCell.swift in Sources */ = {isa = PBXBuildFile; fileRef = D69F97DA1FF60C9F007A865F /* ImageTableViewCell.swift */; };
		D69F97DD1FF61474007A865F /* MapTableViewCell.swift in Sources */ = {isa = PBXBuildFile; fileRef = D69F97DC1FF61474007A865F /* MapTableViewCell.swift */; };
		D69F97DF1FF61676007A865F /* CollectionTableViewCell.swift in Sources */ = {isa = PBXBuildFile; fileRef = D69F97DE1FF61676007A865F /* CollectionTableViewCell.swift */; };
		D6C7759C1FF617F800486A2B /* MyCollectionViewCell.swift in Sources */ = {isa = PBXBuildFile; fileRef = D6C7759B1FF617F800486A2B /* MyCollectionViewCell.swift */; };
/* End PBXBuildFile section */

/* Begin PBXFileReference section */
		D63F8DD51FFB1B3F00C4CDE9 /* TwoBigViewsCell.swift */ = {isa = PBXFileReference; lastKnownFileType = sourcecode.swift; path = TwoBigViewsCell.swift; sourceTree = "<group>"; };
		D63F8DD71FFB1B6F00C4CDE9 /* ThreeSmallViewsCell.swift */ = {isa = PBXFileReference; lastKnownFileType = sourcecode.swift; path = ThreeSmallViewsCell.swift; sourceTree = "<group>"; };
		D63F8DD91FFB1BA700C4CDE9 /* OneBigViewOneSmallViewCell.swift */ = {isa = PBXFileReference; lastKnownFileType = sourcecode.swift; path = OneBigViewOneSmallViewCell.swift; sourceTree = "<group>"; };
		D63F8E361FFB667400C4CDE9 /* MyWebViewController.swift */ = {isa = PBXFileReference; lastKnownFileType = sourcecode.swift; path = MyWebViewController.swift; sourceTree = "<group>"; };
		D69F97C31FF60A2F007A865F /* TravelApp.app */ = {isa = PBXFileReference; explicitFileType = wrapper.application; includeInIndex = 0; path = TravelApp.app; sourceTree = BUILT_PRODUCTS_DIR; };
		D69F97C61FF60A2F007A865F /* AppDelegate.swift */ = {isa = PBXFileReference; lastKnownFileType = sourcecode.swift; path = AppDelegate.swift; sourceTree = "<group>"; };
		D69F97CB1FF60A2F007A865F /* Base */ = {isa = PBXFileReference; lastKnownFileType = file.storyboard; name = Base; path = Base.lproj/Main.storyboard; sourceTree = "<group>"; };
		D69F97CD1FF60A2F007A865F /* Assets.xcassets */ = {isa = PBXFileReference; lastKnownFileType = folder.assetcatalog; path = Assets.xcassets; sourceTree = "<group>"; };
		D69F97D01FF60A2F007A865F /* Base */ = {isa = PBXFileReference; lastKnownFileType = file.storyboard; name = Base; path = Base.lproj/LaunchScreen.storyboard; sourceTree = "<group>"; };
		D69F97D21FF60A2F007A865F /* Info.plist */ = {isa = PBXFileReference; lastKnownFileType = text.plist.xml; path = Info.plist; sourceTree = "<group>"; };
		D69F97D81FF60BAB007A865F /* MainTableViewController.swift */ = {isa = PBXFileReference; lastKnownFileType = sourcecode.swift; path = MainTableViewController.swift; sourceTree = "<group>"; };
		D69F97DA1FF60C9F007A865F /* ImageTableViewCell.swift */ = {isa = PBXFileReference; lastKnownFileType = sourcecode.swift; path = ImageTableViewCell.swift; sourceTree = "<group>"; };
		D69F97DC1FF61474007A865F /* MapTableViewCell.swift */ = {isa = PBXFileReference; lastKnownFileType = sourcecode.swift; path = MapTableViewCell.swift; sourceTree = "<group>"; };
		D69F97DE1FF61676007A865F /* CollectionTableViewCell.swift */ = {isa = PBXFileReference; lastKnownFileType = sourcecode.swift; path = CollectionTableViewCell.swift; sourceTree = "<group>"; };
		D6C7759B1FF617F800486A2B /* MyCollectionViewCell.swift */ = {isa = PBXFileReference; lastKnownFileType = sourcecode.swift; path = MyCollectionViewCell.swift; sourceTree = "<group>"; };
/* End PBXFileReference section */

/* Begin PBXFrameworksBuildPhase section */
		D69F97C01FF60A2F007A865F /* Frameworks */ = {
			isa = PBXFrameworksBuildPhase;
			buildActionMask = 2147483647;
			files = (
			);
			runOnlyForDeploymentPostprocessing = 0;
		};
/* End PBXFrameworksBuildPhase section */

/* Begin PBXGroup section */
		D63F8DD41FFB1AEC00C4CDE9 /* RepeatSection */ = {
			isa = PBXGroup;
			children = (
				D63F8DD51FFB1B3F00C4CDE9 /* TwoBigViewsCell.swift */,
				D63F8DD71FFB1B6F00C4CDE9 /* ThreeSmallViewsCell.swift */,
				D63F8DD91FFB1BA700C4CDE9 /* OneBigViewOneSmallViewCell.swift */,
			);
			path = RepeatSection;
			sourceTree = "<group>";
		};
		D69F97BA1FF60A2F007A865F = {
			isa = PBXGroup;
			children = (
				D69F97C51FF60A2F007A865F /* TravelApp */,
				D69F97C41FF60A2F007A865F /* Products */,
			);
			sourceTree = "<group>";
		};
		D69F97C41FF60A2F007A865F /* Products */ = {
			isa = PBXGroup;
			children = (
				D69F97C31FF60A2F007A865F /* TravelApp.app */,
			);
			name = Products;
			sourceTree = "<group>";
		};
		D69F97C51FF60A2F007A865F /* TravelApp */ = {
			isa = PBXGroup;
			children = (
				D69F97C61FF60A2F007A865F /* AppDelegate.swift */,
				D69F97CA1FF60A2F007A865F /* Main.storyboard */,
				D69F97D81FF60BAB007A865F /* MainTableViewController.swift */,
				D69F97DA1FF60C9F007A865F /* ImageTableViewCell.swift */,
				D69F97DC1FF61474007A865F /* MapTableViewCell.swift */,
				D69F97E01FF616F8007A865F /* CollectionTableViewCell */,
				D63F8DD41FFB1AEC00C4CDE9 /* RepeatSection */,
				D63F8E361FFB667400C4CDE9 /* MyWebViewController.swift */,
				D69F97CD1FF60A2F007A865F /* Assets.xcassets */,
				D69F97CF1FF60A2F007A865F /* LaunchScreen.storyboard */,
				D69F97D21FF60A2F007A865F /* Info.plist */,
			);
			path = TravelApp;
			sourceTree = "<group>";
		};
		D69F97E01FF616F8007A865F /* CollectionTableViewCell */ = {
			isa = PBXGroup;
			children = (
				D69F97DE1FF61676007A865F /* CollectionTableViewCell.swift */,
				D6C7759B1FF617F800486A2B /* MyCollectionViewCell.swift */,
			);
			path = CollectionTableViewCell;
			sourceTree = "<group>";
		};
/* End PBXGroup section */

/* Begin PBXNativeTarget section */
		D69F97C21FF60A2F007A865F /* TravelApp */ = {
			isa = PBXNativeTarget;
			buildConfigurationList = D69F97D51FF60A2F007A865F /* Build configuration list for PBXNativeTarget "TravelApp" */;
			buildPhases = (
				D69F97BF1FF60A2F007A865F /* Sources */,
				D69F97C01FF60A2F007A865F /* Frameworks */,
				D69F97C11FF60A2F007A865F /* Resources */,
			);
			buildRules = (
			);
			dependencies = (
			);
			name = TravelApp;
			productName = TravelApp;
			productReference = D69F97C31FF60A2F007A865F /* TravelApp.app */;
			productType = "com.apple.product-type.application";
		};
/* End PBXNativeTarget section */

/* Begin PBXProject section */
		D69F97BB1FF60A2F007A865F /* Project object */ = {
			isa = PBXProject;
			attributes = {
				LastSwiftUpdateCheck = 0920;
				LastUpgradeCheck = 0920;
				ORGANIZATIONNAME = EthanLin;
				TargetAttributes = {
					D69F97C21FF60A2F007A865F = {
						CreatedOnToolsVersion = 9.2;
						ProvisioningStyle = Automatic;
					};
				};
			};
			buildConfigurationList = D69F97BE1FF60A2F007A865F /* Build configuration list for PBXProject "TravelApp" */;
			compatibilityVersion = "Xcode 8.0";
			developmentRegion = en;
			hasScannedForEncodings = 0;
			knownRegions = (
				en,
				Base,
			);
			mainGroup = D69F97BA1FF60A2F007A865F;
			productRefGroup = D69F97C41FF60A2F007A865F /* Products */;
			projectDirPath = "";
			projectRoot = "";
			targets = (
				D69F97C21FF60A2F007A865F /* TravelApp */,
			);
		};
/* End PBXProject section */

/* Begin PBXResourcesBuildPhase section */
		D69F97C11FF60A2F007A865F /* Resources */ = {
			isa = PBXResourcesBuildPhase;
			buildActionMask = 2147483647;
			files = (
				D69F97D11FF60A2F007A865F /* LaunchScreen.storyboard in Resources */,
				D69F97CE1FF60A2F007A865F /* Assets.xcassets in Resources */,
				D69F97CC1FF60A2F007A865F /* Main.storyboard in Resources */,
			);
			runOnlyForDeploymentPostprocessing = 0;
		};
/* End PBXResourcesBuildPhase section */

/* Begin PBXSourcesBuildPhase section */
		D69F97BF1FF60A2F007A865F /* Sources */ = {
			isa = PBXSourcesBuildPhase;
			buildActionMask = 2147483647;
			files = (
				D63F8DDA1FFB1BA700C4CDE9 /* OneBigViewOneSmallViewCell.swift in Sources */,
				D63F8E371FFB667400C4CDE9 /* MyWebViewController.swift in Sources */,
				D69F97DF1FF61676007A865F /* CollectionTableViewCell.swift in Sources */,
				D69F97DB1FF60C9F007A865F /* ImageTableViewCell.swift in Sources */,
				D6C7759C1FF617F800486A2B /* MyCollectionViewCell.swift in Sources */,
				D63F8DD81FFB1B6F00C4CDE9 /* ThreeSmallViewsCell.swift in Sources */,
				D63F8DD61FFB1B3F00C4CDE9 /* TwoBigViewsCell.swift in Sources */,
				D69F97D91FF60BAB007A865F /* MainTableViewController.swift in Sources */,
				D69F97DD1FF61474007A865F /* MapTableViewCell.swift in Sources */,
				D69F97C71FF60A2F007A865F /* AppDelegate.swift in Sources */,
			);
			runOnlyForDeploymentPostprocessing = 0;
		};
/* End PBXSourcesBuildPhase section */

/* Begin PBXVariantGroup section */
		D69F97CA1FF60A2F007A865F /* Main.storyboard */ = {
			isa = PBXVariantGroup;
			children = (
				D69F97CB1FF60A2F007A865F /* Base */,
			);
			name = Main.storyboard;
			sourceTree = "<group>";
		};
		D69F97CF1FF60A2F007A865F /* LaunchScreen.storyboard */ = {
			isa = PBXVariantGroup;
			children = (
				D69F97D01FF60A2F007A865F /* Base */,
			);
			name = LaunchScreen.storyboard;
			sourceTree = "<group>";
		};
/* End PBXVariantGroup section */

/* Begin XCBuildConfiguration section */
		D69F97D31FF60A2F007A865F /* Debug */ = {
			isa = XCBuildConfiguration;
			buildSettings = {
				ALWAYS_SEARCH_USER_PATHS = NO;
				CLANG_ANALYZER_NONNULL = YES;
				CLANG_ANALYZER_NUMBER_OBJECT_CONVERSION = YES_AGGRESSIVE;
				CLANG_CXX_LANGUAGE_STANDARD = "gnu++14";
				CLANG_CXX_LIBRARY = "libc++";
				CLANG_ENABLE_MODULES = YES;
				CLANG_ENABLE_OBJC_ARC = YES;
				CLANG_WARN_BLOCK_CAPTURE_AUTORELEASING = YES;
				CLANG_WARN_BOOL_CONVERSION = YES;
				CLANG_WARN_COMMA = YES;
				CLANG_WARN_CONSTANT_CONVERSION = YES;
				CLANG_WARN_DIRECT_OBJC_ISA_USAGE = YES_ERROR;
				CLANG_WARN_DOCUMENTATION_COMMENTS = YES;
				CLANG_WARN_EMPTY_BODY = YES;
				CLANG_WARN_ENUM_CONVERSION = YES;
				CLANG_WARN_INFINITE_RECURSION = YES;
				CLANG_WARN_INT_CONVERSION = YES;
				CLANG_WARN_NON_LITERAL_NULL_CONVERSION = YES;
				CLANG_WARN_OBJC_LITERAL_CONVERSION = YES;
				CLANG_WARN_OBJC_ROOT_CLASS = YES_ERROR;
				CLANG_WARN_RANGE_LOOP_ANALYSIS = YES;
				CLANG_WARN_STRICT_PROTOTYPES = YES;
				CLANG_WARN_SUSPICIOUS_MOVE = YES;
				CLANG_WARN_UNGUARDED_AVAILABILITY = YES_AGGRESSIVE;
				CLANG_WARN_UNREACHABLE_CODE = YES;
				CLANG_WARN__DUPLICATE_METHOD_MATCH = YES;
				CODE_SIGN_IDENTITY = "iPhone Developer";
				COPY_PHASE_STRIP = NO;
				DEBUG_INFORMATION_FORMAT = dwarf;
				ENABLE_STRICT_OBJC_MSGSEND = YES;
				ENABLE_TESTABILITY = YES;
				GCC_C_LANGUAGE_STANDARD = gnu11;
				GCC_DYNAMIC_NO_PIC = NO;
				GCC_NO_COMMON_BLOCKS = YES;
				GCC_OPTIMIZATION_LEVEL = 0;
				GCC_PREPROCESSOR_DEFINITIONS = (
					"DEBUG=1",
					"$(inherited)",
				);
				GCC_WARN_64_TO_32_BIT_CONVERSION = YES;
				GCC_WARN_ABOUT_RETURN_TYPE = YES_ERROR;
				GCC_WARN_UNDECLARED_SELECTOR = YES;
				GCC_WARN_UNINITIALIZED_AUTOS = YES_AGGRESSIVE;
				GCC_WARN_UNUSED_FUNCTION = YES;
				GCC_WARN_UNUSED_VARIABLE = YES;
				IPHONEOS_DEPLOYMENT_TARGET = 11.2;
				MTL_ENABLE_DEBUG_INFO = YES;
				ONLY_ACTIVE_ARCH = YES;
				SDKROOT = iphoneos;
				SWIFT_ACTIVE_COMPILATION_CONDITIONS = DEBUG;
				SWIFT_OPTIMIZATION_LEVEL = "-Onone";
			};
			name = Debug;
		};
		D69F97D41FF60A2F007A865F /* Release */ = {
			isa = XCBuildConfiguration;
			buildSettings = {
				ALWAYS_SEARCH_USER_PATHS = NO;
				CLANG_ANALYZER_NONNULL = YES;
				CLANG_ANALYZER_NUMBER_OBJECT_CONVERSION = YES_AGGRESSIVE;
				CLANG_CXX_LANGUAGE_STANDARD = "gnu++14";
				CLANG_CXX_LIBRARY = "libc++";
				CLANG_ENABLE_MODULES = YES;
				CLANG_ENABLE_OBJC_ARC = YES;
				CLANG_WARN_BLOCK_CAPTURE_AUTORELEASING = YES;
				CLANG_WARN_BOOL_CONVERSION = YES;
				CLANG_WARN_COMMA = YES;
				CLANG_WARN_CONSTANT_CONVERSION = YES;
				CLANG_WARN_DIRECT_OBJC_ISA_USAGE = YES_ERROR;
				CLANG_WARN_DOCUMENTATION_COMMENTS = YES;
				CLANG_WARN_EMPTY_BODY = YES;
				CLANG_WARN_ENUM_CONVERSION = YES;
				CLANG_WARN_INFINITE_RECURSION = YES;
				CLANG_WARN_INT_CONVERSION = YES;
				CLANG_WARN_NON_LITERAL_NULL_CONVERSION = YES;
				CLANG_WARN_OBJC_LITERAL_CONVERSION = YES;
				CLANG_WARN_OBJC_ROOT_CLASS = YES_ERROR;
				CLANG_WARN_RANGE_LOOP_ANALYSIS = YES;
				CLANG_WARN_STRICT_PROTOTYPES = YES;
				CLANG_WARN_SUSPICIOUS_MOVE = YES;
				CLANG_WARN_UNGUARDED_AVAILABILITY = YES_AGGRESSIVE;
				CLANG_WARN_UNREACHABLE_CODE = YES;
				CLANG_WARN__DUPLICATE_METHOD_MATCH = YES;
				CODE_SIGN_IDENTITY = "iPhone Developer";
				COPY_PHASE_STRIP = NO;
				DEBUG_INFORMATION_FORMAT = "dwarf-with-dsym";
				ENABLE_NS_ASSERTIONS = NO;
				ENABLE_STRICT_OBJC_MSGSEND = YES;
				GCC_C_LANGUAGE_STANDARD = gnu11;
				GCC_NO_COMMON_BLOCKS = YES;
				GCC_WARN_64_TO_32_BIT_CONVERSION = YES;
				GCC_WARN_ABOUT_RETURN_TYPE = YES_ERROR;
				GCC_WARN_UNDECLARED_SELECTOR = YES;
				GCC_WARN_UNINITIALIZED_AUTOS = YES_AGGRESSIVE;
				GCC_WARN_UNUSED_FUNCTION = YES;
				GCC_WARN_UNUSED_VARIABLE = YES;
				IPHONEOS_DEPLOYMENT_TARGET = 11.2;
				MTL_ENABLE_DEBUG_INFO = NO;
				SDKROOT = iphoneos;
				SWIFT_OPTIMIZATION_LEVEL = "-Owholemodule";
				VALIDATE_PRODUCT = YES;
			};
			name = Release;
		};
		D69F97D61FF60A2F007A865F /* Debug */ = {
			isa = XCBuildConfiguration;
			buildSettings = {
				ASSETCATALOG_COMPILER_APPICON_NAME = AppIcon;
				CODE_SIGN_STYLE = Automatic;
				DEVELOPMENT_TEAM = 47R4BK8PQH;
				INFOPLIST_FILE = TravelApp/Info.plist;
				LD_RUNPATH_SEARCH_PATHS = "$(inherited) @executable_path/Frameworks";
				PRODUCT_BUNDLE_IDENTIFIER = com.ethan510010.TravelApp;
				PRODUCT_NAME = "$(TARGET_NAME)";
				SWIFT_VERSION = 4.0;
				TARGETED_DEVICE_FAMILY = "1,2";
			};
			name = Debug;
		};
		D69F97D71FF60A2F007A865F /* Release */ = {
			isa = XCBuildConfiguration;
			buildSettings = {
				ASSETCATALOG_COMPILER_APPICON_NAME = AppIcon;
				CODE_SIGN_STYLE = Automatic;
				DEVELOPMENT_TEAM = 47R4BK8PQH;
				INFOPLIST_FILE = TravelApp/Info.plist;
				LD_RUNPATH_SEARCH_PATHS = "$(inherited) @executable_path/Frameworks";
				PRODUCT_BUNDLE_IDENTIFIER = com.ethan510010.TravelApp;
				PRODUCT_NAME = "$(TARGET_NAME)";
				SWIFT_VERSION = 4.0;
				TARGETED_DEVICE_FAMILY = "1,2";
			};
			name = Release;
		};
/* End XCBuildConfiguration section */

/* Begin XCConfigurationList section */
		D69F97BE1FF60A2F007A865F /* Build configuration list for PBXProject "TravelApp" */ = {
			isa = XCConfigurationList;
			buildConfigurations = (
				D69F97D31FF60A2F007A865F /* Debug */,
				D69F97D41FF60A2F007A865F /* Release */,
			);
			defaultConfigurationIsVisible = 0;
			defaultConfigurationName = Release;
		};
		D69F97D51FF60A2F007A865F /* Build configuration list for PBXNativeTarget "TravelApp" */ = {
			isa = XCConfigurationList;
			buildConfigurations = (
				D69F97D61FF60A2F007A865F /* Debug */,
				D69F97D71FF60A2F007A865F /* Release */,
			);
			defaultConfigurationIsVisible = 0;
			defaultConfigurationName = Release;
		};
/* End XCConfigurationList section */
	};
	rootObject = D69F97BB1FF60A2F007A865F /* Project object */;
}
